
Microsoft Visual Studio Solution File, Format Version 12.00
# Visual Studio 15
VisualStudioVersion = 15.0.27130.2020
MinimumVisualStudioVersion = 10.0.40219.1
Project("{FAE04EC0-301F-11D3-BF4B-00C04F79EFBC}") = "CRUDCad", "CRUDCad\CRUDCad.csproj", "{A5EDE8EE-B6D8-4F54-B008-FB972F2B0464}"
EndProject
Global
	GlobalSection(SolutionConfigurationPlatforms) = preSolution
		Debug|Any CPU = Debug|Any CPU
		Release|Any CPU = Release|Any CPU
	EndGlobalSection
	GlobalSection(ProjectConfigurationPlatforms) = postSolution
		{A5EDE8EE-B6D8-4F54-B008-FB972F2B0464}.Debug|Any CPU.ActiveCfg = Debug|Any CPU
		{A5EDE8EE-B6D8-4F54-B008-FB972F2B0464}.Debug|Any CPU.Build.0 = Debug|Any CPU
		{A5EDE8EE-B6D8-4F54-B008-FB972F2B0464}.Release|Any CPU.ActiveCfg = Release|Any CPU
		{A5EDE8EE-B6D8-4F54-B008-FB972F2B0464}.Release|Any CPU.Build.0 = Release|Any CPU
	EndGlobalSection
	GlobalSection(SolutionProperties) = preSolution
		HideSolutionNode = FALSE
	EndGlobalSection
	GlobalSection(ExtensibilityGlobals) = postSolution
		SolutionGuid = {E7A03955-EEF8-4816-BCAD-031F674EEB4C}
	EndGlobalSection
EndGlobal
